
Microsoft Visual Studio Solution File, Format Version 12.00
# Visual Studio Version 17
VisualStudioVersion = 17.3.32922.545
MinimumVisualStudioVersion = 10.0.40219.1
Project("{8BC9CEB8-8B4A-11D0-8D11-00A0C91BC942}") = "Tree", "Tree.vcxproj", "{AF5F9CAB-A5B3-41C0-8BC1-170398FD8A5D}"
EndProject
Global
	GlobalSection(SolutionConfigurationPlatforms) = preSolution
		Debug|x64 = Debug|x64
		Debug|x86 = Debug|x86
		Release|x64 = Release|x64
		Release|x86 = Release|x86
	EndGlobalSection
	GlobalSection(ProjectConfigurationPlatforms) = postSolution
		{AF5F9CAB-A5B3-41C0-8BC1-170398FD8A5D}.Debug|x64.ActiveCfg = Debug|x64
		{AF5F9CAB-A5B3-41C0-8BC1-170398FD8A5D}.Debug|x64.Build.0 = Debug|x64
		{AF5F9CAB-A5B3-41C0-8BC1-170398FD8A5D}.Debug|x86.ActiveCfg = Debug|Win32
		{AF5F9CAB-A5B3-41C0-8BC1-170398FD8A5D}.Debug|x86.Build.0 = Debug|Win32
		{AF5F9CAB-A5B3-41C0-8BC1-170398FD8A5D}.Release|x64.ActiveCfg = Release|x64
		{AF5F9CAB-A5B3-41C0-8BC1-170398FD8A5D}.Release|x64.Build.0 = Release|x64
		{AF5F9CAB-A5B3-41C0-8BC1-170398FD8A5D}.Release|x86.ActiveCfg = Release|Win32
		{AF5F9CAB-A5B3-41C0-8BC1-170398FD8A5D}.Release|x86.Build.0 = Release|Win32
	EndGlobalSection
	GlobalSection(SolutionProperties) = preSolution
		HideSolutionNode = FALSE
	EndGlobalSection
	GlobalSection(ExtensibilityGlobals) = postSolution
		SolutionGuid = {3F9AF91B-95D5-45F0-BC76-D10FB5BCF653}
	EndGlobalSection
EndGlobal
